// !$*UTF8*$!
{
	archiveVersion = 1;
	classes = {
	};
	objectVersion = 50;
	objects = {

/* Begin PBXBuildFile section */
		E714E90C26EFA4E500DC1226 /* SecondViewController.swift in Sources */ = {isa = PBXBuildFile; fileRef = E714E90B26EFA4E500DC1226 /* SecondViewController.swift */; };
		E75F07DA26B2DB3100D157E0 /* AppDelegate.swift in Sources */ = {isa = PBXBuildFile; fileRef = E75F07D926B2DB3100D157E0 /* AppDelegate.swift */; };
		E75F07DC26B2DB3100D157E0 /* SceneDelegate.swift in Sources */ = {isa = PBXBuildFile; fileRef = E75F07DB26B2DB3100D157E0 /* SceneDelegate.swift */; };
		E75F07DE26B2DB3100D157E0 /* ViewController.swift in Sources */ = {isa = PBXBuildFile; fileRef = E75F07DD26B2DB3100D157E0 /* ViewController.swift */; };
		E75F07E126B2DB3100D157E0 /* Main.storyboard in Resources */ = {isa = PBXBuildFile; fileRef = E75F07DF26B2DB3100D157E0 /* Main.storyboard */; };
		E75F07E426B2DB3100D157E0 /* GCD.xcdatamodeld in Sources */ = {isa = PBXBuildFile; fileRef = E75F07E226B2DB3100D157E0 /* GCD.xcdatamodeld */; };
		E75F07E626B2DB3A00D157E0 /* Assets.xcassets in Resources */ = {isa = PBXBuildFile; fileRef = E75F07E526B2DB3A00D157E0 /* Assets.xcassets */; };
		E75F07E926B2DB3A00D157E0 /* LaunchScreen.storyboard in Resources */ = {isa = PBXBuildFile; fileRef = E75F07E726B2DB3A00D157E0 /* LaunchScreen.storyboard */; };
/* End PBXBuildFile section */

/* Begin PBXFileReference section */
		E714E90B26EFA4E500DC1226 /* SecondViewController.swift */ = {isa = PBXFileReference; lastKnownFileType = sourcecode.swift; path = SecondViewController.swift; sourceTree = "<group>"; };
		E75F07D626B2DB3100D157E0 /* GCD.app */ = {isa = PBXFileReference; explicitFileType = wrapper.application; includeInIndex = 0; path = GCD.app; sourceTree = BUILT_PRODUCTS_DIR; };
		E75F07D926B2DB3100D157E0 /* AppDelegate.swift */ = {isa = PBXFileReference; lastKnownFileType = sourcecode.swift; path = AppDelegate.swift; sourceTree = "<group>"; };
		E75F07DB26B2DB3100D157E0 /* SceneDelegate.swift */ = {isa = PBXFileReference; lastKnownFileType = sourcecode.swift; path = SceneDelegate.swift; sourceTree = "<group>"; };
		E75F07DD26B2DB3100D157E0 /* ViewController.swift */ = {isa = PBXFileReference; lastKnownFileType = sourcecode.swift; path = ViewController.swift; sourceTree = "<group>"; };
		E75F07E026B2DB3100D157E0 /* Base */ = {isa = PBXFileReference; lastKnownFileType = file.storyboard; name = Base; path = Base.lproj/Main.storyboard; sourceTree = "<group>"; };
		E75F07E326B2DB3100D157E0 /* GCD.xcdatamodel */ = {isa = PBXFileReference; lastKnownFileType = wrapper.xcdatamodel; path = GCD.xcdatamodel; sourceTree = "<group>"; };
		E75F07E526B2DB3A00D157E0 /* Assets.xcassets */ = {isa = PBXFileReference; lastKnownFileType = folder.assetcatalog; path = Assets.xcassets; sourceTree = "<group>"; };
		E75F07E826B2DB3A00D157E0 /* Base */ = {isa = PBXFileReference; lastKnownFileType = file.storyboard; name = Base; path = Base.lproj/LaunchScreen.storyboard; sourceTree = "<group>"; };
		E75F07EA26B2DB3A00D157E0 /* Info.plist */ = {isa = PBXFileReference; lastKnownFileType = text.plist.xml; path = Info.plist; sourceTree = "<group>"; };
/* End PBXFileReference section */

/* Begin PBXFrameworksBuildPhase section */
		E75F07D326B2DB3100D157E0 /* Frameworks */ = {
			isa = PBXFrameworksBuildPhase;
			buildActionMask = 2147483647;
			files = (
			);
			runOnlyForDeploymentPostprocessing = 0;
		};
/* End PBXFrameworksBuildPhase section */

/* Begin PBXGroup section */
		E75F07CD26B2DB3100D157E0 = {
			isa = PBXGroup;
			children = (
				E75F07D826B2DB3100D157E0 /* GCD */,
				E75F07D726B2DB3100D157E0 /* Products */,
			);
			sourceTree = "<group>";
		};
		E75F07D726B2DB3100D157E0 /* Products */ = {
			isa = PBXGroup;
			children = (
				E75F07D626B2DB3100D157E0 /* GCD.app */,
			);
			name = Products;
			sourceTree = "<group>";
		};
		E75F07D826B2DB3100D157E0 /* GCD */ = {
			isa = PBXGroup;
			children = (
				E75F07D926B2DB3100D157E0 /* AppDelegate.swift */,
				E75F07DB26B2DB3100D157E0 /* SceneDelegate.swift */,
				E75F07DD26B2DB3100D157E0 /* ViewController.swift */,
				E75F07DF26B2DB3100D157E0 /* Main.storyboard */,
				E714E90B26EFA4E500DC1226 /* SecondViewController.swift */,
				E75F07E526B2DB3A00D157E0 /* Assets.xcassets */,
				E75F07E726B2DB3A00D157E0 /* LaunchScreen.storyboard */,
				E75F07EA26B2DB3A00D157E0 /* Info.plist */,
				E75F07E226B2DB3100D157E0 /* GCD.xcdatamodeld */,
			);
			path = GCD;
			sourceTree = "<group>";
		};
/* End PBXGroup section */

/* Begin PBXNativeTarget section */
		E75F07D526B2DB3100D157E0 /* GCD */ = {
			isa = PBXNativeTarget;
			buildConfigurationList = E75F07ED26B2DB3A00D157E0 /* Build configuration list for PBXNativeTarget "GCD" */;
			buildPhases = (
				E75F07D226B2DB3100D157E0 /* Sources */,
				E75F07D326B2DB3100D157E0 /* Frameworks */,
				E75F07D426B2DB3100D157E0 /* Resources */,
			);
			buildRules = (
			);
			dependencies = (
			);
			name = GCD;
			productName = GCD;
			productReference = E75F07D626B2DB3100D157E0 /* GCD.app */;
			productType = "com.apple.product-type.application";
		};
/* End PBXNativeTarget section */

/* Begin PBXProject section */
		E75F07CE26B2DB3100D157E0 /* Project object */ = {
			isa = PBXProject;
			attributes = {
				LastSwiftUpdateCheck = 1240;
				LastUpgradeCheck = 1240;
				TargetAttributes = {
					E75F07D526B2DB3100D157E0 = {
						CreatedOnToolsVersion = 12.4;
					};
				};
			};
			buildConfigurationList = E75F07D126B2DB3100D157E0 /* Build configuration list for PBXProject "GCD" */;
			compatibilityVersion = "Xcode 9.3";
			developmentRegion = en;
			hasScannedForEncodings = 0;
			knownRegions = (
				en,
				Base,
			);
			mainGroup = E75F07CD26B2DB3100D157E0;
			productRefGroup = E75F07D726B2DB3100D157E0 /* Products */;
			projectDirPath = "";
			projectRoot = "";
			targets = (
				E75F07D526B2DB3100D157E0 /* GCD */,
			);
		};
/* End PBXProject section */

/* Begin PBXResourcesBuildPhase section */
		E75F07D426B2DB3100D157E0 /* Resources */ = {
			isa = PBXResourcesBuildPhase;
			buildActionMask = 2147483647;
			files = (
				E75F07E926B2DB3A00D157E0 /* LaunchScreen.storyboard in Resources */,
				E75F07E626B2DB3A00D157E0 /* Assets.xcassets in Resources */,
				E75F07E126B2DB3100D157E0 /* Main.storyboard in Resources */,
			);
			runOnlyForDeploymentPostprocessing = 0;
		};
/* End PBXResourcesBuildPhase section */

/* Begin PBXSourcesBuildPhase section */
		E75F07D226B2DB3100D157E0 /* Sources */ = {
			isa = PBXSourcesBuildPhase;
			buildActionMask = 2147483647;
			files = (
				E75F07DE26B2DB3100D157E0 /* ViewController.swift in Sources */,
				E75F07DA26B2DB3100D157E0 /* AppDelegate.swift in Sources */,
				E75F07E426B2DB3100D157E0 /* GCD.xcdatamodeld in Sources */,
				E714E90C26EFA4E500DC1226 /* SecondViewController.swift in Sources */,
				E75F07DC26B2DB3100D157E0 /* SceneDelegate.swift in Sources */,
			);
			runOnlyForDeploymentPostprocessing = 0;
		};
/* End PBXSourcesBuildPhase section */

/* Begin PBXVariantGroup section */
		E75F07DF26B2DB3100D157E0 /* Main.storyboard */ = {
			isa = PBXVariantGroup;
			children = (
				E75F07E026B2DB3100D157E0 /* Base */,
			);
			name = Main.storyboard;
			sourceTree = "<group>";
		};
		E75F07E726B2DB3A00D157E0 /* LaunchScreen.storyboard */ = {
			isa = PBXVariantGroup;
			children = (
				E75F07E826B2DB3A00D157E0 /* Base */,
			);
			name = LaunchScreen.storyboard;
			sourceTree = "<group>";
		};
/* End PBXVariantGroup section */

/* Begin XCBuildConfiguration section */
		E75F07EB26B2DB3A00D157E0 /* Debug */ = {
			isa = XCBuildConfiguration;
			buildSettings = {
				ALWAYS_SEARCH_USER_PATHS = NO;
				CLANG_ANALYZER_NONNULL = YES;
				CLANG_ANALYZER_NUMBER_OBJECT_CONVERSION = YES_AGGRESSIVE;
				CLANG_CXX_LANGUAGE_STANDARD = "gnu++14";
				CLANG_CXX_LIBRARY = "libc++";
				CLANG_ENABLE_MODULES = YES;
				CLANG_ENABLE_OBJC_ARC = YES;
				CLANG_ENABLE_OBJC_WEAK = YES;
				CLANG_WARN_BLOCK_CAPTURE_AUTORELEASING = YES;
				CLANG_WARN_BOOL_CONVERSION = YES;
				CLANG_WARN_COMMA = YES;
				CLANG_WARN_CONSTANT_CONVERSION = YES;
				CLANG_WARN_DEPRECATED_OBJC_IMPLEMENTATIONS = YES;
				CLANG_WARN_DIRECT_OBJC_ISA_USAGE = YES_ERROR;
				CLANG_WARN_DOCUMENTATION_COMMENTS = YES;
				CLANG_WARN_EMPTY_BODY = YES;
				CLANG_WARN_ENUM_CONVERSION = YES;
				CLANG_WARN_INFINITE_RECURSION = YES;
				CLANG_WARN_INT_CONVERSION = YES;
				CLANG_WARN_NON_LITERAL_NULL_CONVERSION = YES;
				CLANG_WARN_OBJC_IMPLICIT_RETAIN_SELF = YES;
				CLANG_WARN_OBJC_LITERAL_CONVERSION = YES;
				CLANG_WARN_OBJC_ROOT_CLASS = YES_ERROR;
				CLANG_WARN_QUOTED_INCLUDE_IN_FRAMEWORK_HEADER = YES;
				CLANG_WARN_RANGE_LOOP_ANALYSIS = YES;
				CLANG_WARN_STRICT_PROTOTYPES = YES;
				CLANG_WARN_SUSPICIOUS_MOVE = YES;
				CLANG_WARN_UNGUARDED_AVAILABILITY = YES_AGGRESSIVE;
				CLANG_WARN_UNREACHABLE_CODE = YES;
				CLANG_WARN__DUPLICATE_METHOD_MATCH = YES;
				COPY_PHASE_STRIP = NO;
				DEBUG_INFORMATION_FORMAT = dwarf;
				ENABLE_STRICT_OBJC_MSGSEND = YES;
				ENABLE_TESTABILITY = YES;
				GCC_C_LANGUAGE_STANDARD = gnu11;
				GCC_DYNAMIC_NO_PIC = NO;
				GCC_NO_COMMON_BLOCKS = YES;
				GCC_OPTIMIZATION_LEVEL = 0;
				GCC_PREPROCESSOR_DEFINITIONS = (
					"DEBUG=1",
					"$(inherited)",
				);
				GCC_WARN_64_TO_32_BIT_CONVERSION = YES;
				GCC_WARN_ABOUT_RETURN_TYPE = YES_ERROR;
				GCC_WARN_UNDECLARED_SELECTOR = YES;
				GCC_WARN_UNINITIALIZED_AUTOS = YES_AGGRESSIVE;
				GCC_WARN_UNUSED_FUNCTION = YES;
				GCC_WARN_UNUSED_VARIABLE = YES;
				IPHONEOS_DEPLOYMENT_TARGET = 14.4;
				MTL_ENABLE_DEBUG_INFO = INCLUDE_SOURCE;
				MTL_FAST_MATH = YES;
				ONLY_ACTIVE_ARCH = YES;
				SDKROOT = iphoneos;
				SWIFT_ACTIVE_COMPILATION_CONDITIONS = DEBUG;
				SWIFT_OPTIMIZATION_LEVEL = "-Onone";
			};
			name = Debug;
		};
		E75F07EC26B2DB3A00D157E0 /* Release */ = {
			isa = XCBuildConfiguration;
			buildSettings = {
				ALWAYS_SEARCH_USER_PATHS = NO;
				CLANG_ANALYZER_NONNULL = YES;
				CLANG_ANALYZER_NUMBER_OBJECT_CONVERSION = YES_AGGRESSIVE;
				CLANG_CXX_LANGUAGE_STANDARD = "gnu++14";
				CLANG_CXX_LIBRARY = "libc++";
				CLANG_ENABLE_MODULES = YES;
				CLANG_ENABLE_OBJC_ARC = YES;
				CLANG_ENABLE_OBJC_WEAK = YES;
				CLANG_WARN_BLOCK_CAPTURE_AUTORELEASING = YES;
				CLANG_WARN_BOOL_CONVERSION = YES;
				CLANG_WARN_COMMA = YES;
				CLANG_WARN_CONSTANT_CONVERSION = YES;
				CLANG_WARN_DEPRECATED_OBJC_IMPLEMENTATIONS = YES;
				CLANG_WARN_DIRECT_OBJC_ISA_USAGE = YES_ERROR;
				CLANG_WARN_DOCUMENTATION_COMMENTS = YES;
				CLANG_WARN_EMPTY_BODY = YES;
				CLANG_WARN_ENUM_CONVERSION = YES;
				CLANG_WARN_INFINITE_RECURSION = YES;
				CLANG_WARN_INT_CONVERSION = YES;
				CLANG_WARN_NON_LITERAL_NULL_CONVERSION = YES;
				CLANG_WARN_OBJC_IMPLICIT_RETAIN_SELF = YES;
				CLANG_WARN_OBJC_LITERAL_CONVERSION = YES;
				CLANG_WARN_OBJC_ROOT_CLASS = YES_ERROR;
				CLANG_WARN_QUOTED_INCLUDE_IN_FRAMEWORK_HEADER = YES;
				CLANG_WARN_RANGE_LOOP_ANALYSIS = YES;
				CLANG_WARN_STRICT_PROTOTYPES = YES;
				CLANG_WARN_SUSPICIOUS_MOVE = YES;
				CLANG_WARN_UNGUARDED_AVAILABILITY = YES_AGGRESSIVE;
				CLANG_WARN_UNREACHABLE_CODE = YES;
				CLANG_WARN__DUPLICATE_METHOD_MATCH = YES;
				COPY_PHASE_STRIP = NO;
				DEBUG_INFORMATION_FORMAT = "dwarf-with-dsym";
				ENABLE_NS_ASSERTIONS = NO;
				ENABLE_STRICT_OBJC_MSGSEND = YES;
				GCC_C_LANGUAGE_STANDARD = gnu11;
				GCC_NO_COMMON_BLOCKS = YES;
				GCC_WARN_64_TO_32_BIT_CONVERSION = YES;
				GCC_WARN_ABOUT_RETURN_TYPE = YES_ERROR;
				GCC_WARN_UNDECLARED_SELECTOR = YES;
				GCC_WARN_UNINITIALIZED_AUTOS = YES_AGGRESSIVE;
				GCC_WARN_UNUSED_FUNCTION = YES;
				GCC_WARN_UNUSED_VARIABLE = YES;
				IPHONEOS_DEPLOYMENT_TARGET = 14.4;
				MTL_ENABLE_DEBUG_INFO = NO;
				MTL_FAST_MATH = YES;
				SDKROOT = iphoneos;
				SWIFT_COMPILATION_MODE = wholemodule;
				SWIFT_OPTIMIZATION_LEVEL = "-O";
				VALIDATE_PRODUCT = YES;
			};
			name = Release;
		};
		E75F07EE26B2DB3A00D157E0 /* Debug */ = {
			isa = XCBuildConfiguration;
			buildSettings = {
				ASSETCATALOG_COMPILER_APPICON_NAME = AppIcon;
				ASSETCATALOG_COMPILER_GLOBAL_ACCENT_COLOR_NAME = AccentColor;
				CODE_SIGN_STYLE = Automatic;
				DEVELOPMENT_TEAM = 4LHC6GRDGA;
				INFOPLIST_FILE = GCD/Info.plist;
				LD_RUNPATH_SEARCH_PATHS = (
					"$(inherited)",
					"@executable_path/Frameworks",
				);
				PRODUCT_BUNDLE_IDENTIFIER = com.dreamer.GCD;
				PRODUCT_NAME = "$(TARGET_NAME)";
				SWIFT_VERSION = 5.0;
				TARGETED_DEVICE_FAMILY = "1,2";
			};
			name = Debug;
		};
		E75F07EF26B2DB3A00D157E0 /* Release */ = {
			isa = XCBuildConfiguration;
			buildSettings = {
				ASSETCATALOG_COMPILER_APPICON_NAME = AppIcon;
				ASSETCATALOG_COMPILER_GLOBAL_ACCENT_COLOR_NAME = AccentColor;
				CODE_SIGN_STYLE = Automatic;
				DEVELOPMENT_TEAM = 4LHC6GRDGA;
				INFOPLIST_FILE = GCD/Info.plist;
				LD_RUNPATH_SEARCH_PATHS = (
					"$(inherited)",
					"@executable_path/Frameworks",
				);
				PRODUCT_BUNDLE_IDENTIFIER = com.dreamer.GCD;
				PRODUCT_NAME = "$(TARGET_NAME)";
				SWIFT_VERSION = 5.0;
				TARGETED_DEVICE_FAMILY = "1,2";
			};
			name = Release;
		};
/* End XCBuildConfiguration section */

/* Begin XCConfigurationList section */
		E75F07D126B2DB3100D157E0 /* Build configuration list for PBXProject "GCD" */ = {
			isa = XCConfigurationList;
			buildConfigurations = (
				E75F07EB26B2DB3A00D157E0 /* Debug */,
				E75F07EC26B2DB3A00D157E0 /* Release */,
			);
			defaultConfigurationIsVisible = 0;
			defaultConfigurationName = Release;
		};
		E75F07ED26B2DB3A00D157E0 /* Build configuration list for PBXNativeTarget "GCD" */ = {
			isa = XCConfigurationList;
			buildConfigurations = (
				E75F07EE26B2DB3A00D157E0 /* Debug */,
				E75F07EF26B2DB3A00D157E0 /* Release */,
			);
			defaultConfigurationIsVisible = 0;
			defaultConfigurationName = Release;
		};
/* End XCConfigurationList section */

/* Begin XCVersionGroup section */
		E75F07E226B2DB3100D157E0 /* GCD.xcdatamodeld */ = {
			isa = XCVersionGroup;
			children = (
				E75F07E326B2DB3100D157E0 /* GCD.xcdatamodel */,
			);
			currentVersion = E75F07E326B2DB3100D157E0 /* GCD.xcdatamodel */;
			path = GCD.xcdatamodeld;
			sourceTree = "<group>";
			versionGroupType = wrapper.xcdatamodel;
		};
/* End XCVersionGroup section */
	};
	rootObject = E75F07CE26B2DB3100D157E0 /* Project object */;
}
